// !$*UTF8*$!
{
	archiveVersion = 1;
	classes = {
	};
	objectVersion = 56;
	objects = {

/* Begin PBXBuildFile section */
		7148E2AD2A52CBCB00C18AD4 /* AppDelegate.swift in Sources */ = {isa = PBXBuildFile; fileRef = 7148E2AC2A52CBCB00C18AD4 /* AppDelegate.swift */; };
		7148E2AF2A52CBCB00C18AD4 /* SceneDelegate.swift in Sources */ = {isa = PBXBuildFile; fileRef = 7148E2AE2A52CBCB00C18AD4 /* SceneDelegate.swift */; };
		7148E2B12A52CBCB00C18AD4 /* EventsListViewController.swift in Sources */ = {isa = PBXBuildFile; fileRef = 7148E2B02A52CBCB00C18AD4 /* EventsListViewController.swift */; };
		7148E2B42A52CBCB00C18AD4 /* Main.storyboard in Resources */ = {isa = PBXBuildFile; fileRef = 7148E2B22A52CBCB00C18AD4 /* Main.storyboard */; };
		7148E2B62A52CBCC00C18AD4 /* Assets.xcassets in Resources */ = {isa = PBXBuildFile; fileRef = 7148E2B52A52CBCC00C18AD4 /* Assets.xcassets */; };
		7148E2B92A52CBCC00C18AD4 /* LaunchScreen.storyboard in Resources */ = {isa = PBXBuildFile; fileRef = 7148E2B72A52CBCC00C18AD4 /* LaunchScreen.storyboard */; };
		7148E2C12A52CC1600C18AD4 /* Event.swift in Sources */ = {isa = PBXBuildFile; fileRef = 7148E2C02A52CC1600C18AD4 /* Event.swift */; };
		7148E2C52A52D02E00C18AD4 /* Date+Extension.swift in Sources */ = {isa = PBXBuildFile; fileRef = 7148E2C42A52D02E00C18AD4 /* Date+Extension.swift */; };
		7148E2C82A52DEBF00C18AD4 /* SQLite in Frameworks */ = {isa = PBXBuildFile; productRef = 7148E2C72A52DEBF00C18AD4 /* SQLite */; };
		7148E2CA2A52E02800C18AD4 /* EventsProvider.swift in Sources */ = {isa = PBXBuildFile; fileRef = 7148E2C92A52E02800C18AD4 /* EventsProvider.swift */; };
		7148E2CC2A52E04200C18AD4 /* EventsManager.swift in Sources */ = {isa = PBXBuildFile; fileRef = 7148E2CB2A52E04200C18AD4 /* EventsManager.swift */; };
		7148E2CE2A52FD7900C18AD4 /* EventsListViewModel.swift in Sources */ = {isa = PBXBuildFile; fileRef = 7148E2CD2A52FD7900C18AD4 /* EventsListViewModel.swift */; };
		71E2C84F2A54DA150013DB26 /* EventStatistics.swift in Sources */ = {isa = PBXBuildFile; fileRef = 71E2C84E2A54DA150013DB26 /* EventStatistics.swift */; };
		71E2C8512A54FF150013DB26 /* Utils.swift in Sources */ = {isa = PBXBuildFile; fileRef = 71E2C8502A54FF150013DB26 /* Utils.swift */; };
		71E2C8532A5504710013DB26 /* Array+Extension.swift in Sources */ = {isa = PBXBuildFile; fileRef = 71E2C8522A5504710013DB26 /* Array+Extension.swift */; };
/* End PBXBuildFile section */

/* Begin PBXFileReference section */
		7148E2A92A52CBCB00C18AD4 /* EventRecorder.app */ = {isa = PBXFileReference; explicitFileType = wrapper.application; includeInIndex = 0; path = EventRecorder.app; sourceTree = BUILT_PRODUCTS_DIR; };
		7148E2AC2A52CBCB00C18AD4 /* AppDelegate.swift */ = {isa = PBXFileReference; lastKnownFileType = sourcecode.swift; path = AppDelegate.swift; sourceTree = "<group>"; };
		7148E2AE2A52CBCB00C18AD4 /* SceneDelegate.swift */ = {isa = PBXFileReference; lastKnownFileType = sourcecode.swift; path = SceneDelegate.swift; sourceTree = "<group>"; };
		7148E2B02A52CBCB00C18AD4 /* EventsListViewController.swift */ = {isa = PBXFileReference; lastKnownFileType = sourcecode.swift; path = EventsListViewController.swift; sourceTree = "<group>"; };
		7148E2B32A52CBCB00C18AD4 /* Base */ = {isa = PBXFileReference; lastKnownFileType = file.storyboard; name = Base; path = Base.lproj/Main.storyboard; sourceTree = "<group>"; };
		7148E2B52A52CBCC00C18AD4 /* Assets.xcassets */ = {isa = PBXFileReference; lastKnownFileType = folder.assetcatalog; path = Assets.xcassets; sourceTree = "<group>"; };
		7148E2B82A52CBCC00C18AD4 /* Base */ = {isa = PBXFileReference; lastKnownFileType = file.storyboard; name = Base; path = Base.lproj/LaunchScreen.storyboard; sourceTree = "<group>"; };
		7148E2BA2A52CBCC00C18AD4 /* Info.plist */ = {isa = PBXFileReference; lastKnownFileType = text.plist.xml; path = Info.plist; sourceTree = "<group>"; };
		7148E2C02A52CC1600C18AD4 /* Event.swift */ = {isa = PBXFileReference; lastKnownFileType = sourcecode.swift; path = Event.swift; sourceTree = "<group>"; };
		7148E2C42A52D02E00C18AD4 /* Date+Extension.swift */ = {isa = PBXFileReference; lastKnownFileType = sourcecode.swift; path = "Date+Extension.swift"; sourceTree = "<group>"; };
		7148E2C92A52E02800C18AD4 /* EventsProvider.swift */ = {isa = PBXFileReference; lastKnownFileType = sourcecode.swift; path = EventsProvider.swift; sourceTree = "<group>"; };
		7148E2CB2A52E04200C18AD4 /* EventsManager.swift */ = {isa = PBXFileReference; lastKnownFileType = sourcecode.swift; path = EventsManager.swift; sourceTree = "<group>"; };
		7148E2CD2A52FD7900C18AD4 /* EventsListViewModel.swift */ = {isa = PBXFileReference; lastKnownFileType = sourcecode.swift; path = EventsListViewModel.swift; sourceTree = "<group>"; };
		71E2C84E2A54DA150013DB26 /* EventStatistics.swift */ = {isa = PBXFileReference; lastKnownFileType = sourcecode.swift; path = EventStatistics.swift; sourceTree = "<group>"; };
		71E2C8502A54FF150013DB26 /* Utils.swift */ = {isa = PBXFileReference; lastKnownFileType = sourcecode.swift; path = Utils.swift; sourceTree = "<group>"; };
		71E2C8522A5504710013DB26 /* Array+Extension.swift */ = {isa = PBXFileReference; lastKnownFileType = sourcecode.swift; path = "Array+Extension.swift"; sourceTree = "<group>"; };
/* End PBXFileReference section */

/* Begin PBXFrameworksBuildPhase section */
		7148E2A62A52CBCB00C18AD4 /* Frameworks */ = {
			isa = PBXFrameworksBuildPhase;
			buildActionMask = 2147483647;
			files = (
				7148E2C82A52DEBF00C18AD4 /* SQLite in Frameworks */,
			);
			runOnlyForDeploymentPostprocessing = 0;
		};
/* End PBXFrameworksBuildPhase section */

/* Begin PBXGroup section */
		7148E2A02A52CBCB00C18AD4 = {
			isa = PBXGroup;
			children = (
				7148E2AB2A52CBCB00C18AD4 /* EventRecorder */,
				7148E2AA2A52CBCB00C18AD4 /* Products */,
			);
			sourceTree = "<group>";
		};
		7148E2AA2A52CBCB00C18AD4 /* Products */ = {
			isa = PBXGroup;
			children = (
				7148E2A92A52CBCB00C18AD4 /* EventRecorder.app */,
			);
			name = Products;
			sourceTree = "<group>";
		};
		7148E2AB2A52CBCB00C18AD4 /* EventRecorder */ = {
			isa = PBXGroup;
			children = (
				7148E2AC2A52CBCB00C18AD4 /* AppDelegate.swift */,
				7148E2AE2A52CBCB00C18AD4 /* SceneDelegate.swift */,
				7148E2B02A52CBCB00C18AD4 /* EventsListViewController.swift */,
				7148E2CD2A52FD7900C18AD4 /* EventsListViewModel.swift */,
				71E2C8522A5504710013DB26 /* Array+Extension.swift */,
				7148E2C42A52D02E00C18AD4 /* Date+Extension.swift */,
				7148E2C02A52CC1600C18AD4 /* Event.swift */,
				71E2C84E2A54DA150013DB26 /* EventStatistics.swift */,
				7148E2C92A52E02800C18AD4 /* EventsProvider.swift */,
				7148E2CB2A52E04200C18AD4 /* EventsManager.swift */,
				71E2C8502A54FF150013DB26 /* Utils.swift */,
				7148E2B22A52CBCB00C18AD4 /* Main.storyboard */,
				7148E2B52A52CBCC00C18AD4 /* Assets.xcassets */,
				7148E2B72A52CBCC00C18AD4 /* LaunchScreen.storyboard */,
				7148E2BA2A52CBCC00C18AD4 /* Info.plist */,
			);
			path = EventRecorder;
			sourceTree = "<group>";
		};
/* End PBXGroup section */

/* Begin PBXNativeTarget section */
		7148E2A82A52CBCB00C18AD4 /* EventRecorder */ = {
			isa = PBXNativeTarget;
			buildConfigurationList = 7148E2BD2A52CBCC00C18AD4 /* Build configuration list for PBXNativeTarget "EventRecorder" */;
			buildPhases = (
				7148E2A52A52CBCB00C18AD4 /* Sources */,
				7148E2A62A52CBCB00C18AD4 /* Frameworks */,
				7148E2A72A52CBCB00C18AD4 /* Resources */,
			);
			buildRules = (
			);
			dependencies = (
			);
			name = EventRecorder;
			packageProductDependencies = (
				7148E2C72A52DEBF00C18AD4 /* SQLite */,
			);
			productName = EventRecorder;
			productReference = 7148E2A92A52CBCB00C18AD4 /* EventRecorder.app */;
			productType = "com.apple.product-type.application";
		};
/* End PBXNativeTarget section */

/* Begin PBXProject section */
		7148E2A12A52CBCB00C18AD4 /* Project object */ = {
			isa = PBXProject;
			attributes = {
				BuildIndependentTargetsInParallel = 1;
				LastSwiftUpdateCheck = 1430;
				LastUpgradeCheck = 1430;
				TargetAttributes = {
					7148E2A82A52CBCB00C18AD4 = {
						CreatedOnToolsVersion = 14.3;
					};
				};
			};
			buildConfigurationList = 7148E2A42A52CBCB00C18AD4 /* Build configuration list for PBXProject "EventRecorder" */;
			compatibilityVersion = "Xcode 14.0";
			developmentRegion = en;
			hasScannedForEncodings = 0;
			knownRegions = (
				en,
				Base,
			);
			mainGroup = 7148E2A02A52CBCB00C18AD4;
			packageReferences = (
				7148E2C62A52DEBF00C18AD4 /* XCRemoteSwiftPackageReference "SQLite.swift" */,
			);
			productRefGroup = 7148E2AA2A52CBCB00C18AD4 /* Products */;
			projectDirPath = "";
			projectRoot = "";
			targets = (
				7148E2A82A52CBCB00C18AD4 /* EventRecorder */,
			);
		};
/* End PBXProject section */

/* Begin PBXResourcesBuildPhase section */
		7148E2A72A52CBCB00C18AD4 /* Resources */ = {
			isa = PBXResourcesBuildPhase;
			buildActionMask = 2147483647;
			files = (
				7148E2B92A52CBCC00C18AD4 /* LaunchScreen.storyboard in Resources */,
				7148E2B62A52CBCC00C18AD4 /* Assets.xcassets in Resources */,
				7148E2B42A52CBCB00C18AD4 /* Main.storyboard in Resources */,
			);
			runOnlyForDeploymentPostprocessing = 0;
		};
/* End PBXResourcesBuildPhase section */

/* Begin PBXSourcesBuildPhase section */
		7148E2A52A52CBCB00C18AD4 /* Sources */ = {
			isa = PBXSourcesBuildPhase;
			buildActionMask = 2147483647;
			files = (
				7148E2C12A52CC1600C18AD4 /* Event.swift in Sources */,
				7148E2CE2A52FD7900C18AD4 /* EventsListViewModel.swift in Sources */,
				7148E2CC2A52E04200C18AD4 /* EventsManager.swift in Sources */,
				71E2C8532A5504710013DB26 /* Array+Extension.swift in Sources */,
				7148E2B12A52CBCB00C18AD4 /* EventsListViewController.swift in Sources */,
				7148E2AD2A52CBCB00C18AD4 /* AppDelegate.swift in Sources */,
				71E2C8512A54FF150013DB26 /* Utils.swift in Sources */,
				71E2C84F2A54DA150013DB26 /* EventStatistics.swift in Sources */,
				7148E2AF2A52CBCB00C18AD4 /* SceneDelegate.swift in Sources */,
				7148E2C52A52D02E00C18AD4 /* Date+Extension.swift in Sources */,
				7148E2CA2A52E02800C18AD4 /* EventsProvider.swift in Sources */,
			);
			runOnlyForDeploymentPostprocessing = 0;
		};
/* End PBXSourcesBuildPhase section */

/* Begin PBXVariantGroup section */
		7148E2B22A52CBCB00C18AD4 /* Main.storyboard */ = {
			isa = PBXVariantGroup;
			children = (
				7148E2B32A52CBCB00C18AD4 /* Base */,
			);
			name = Main.storyboard;
			sourceTree = "<group>";
		};
		7148E2B72A52CBCC00C18AD4 /* LaunchScreen.storyboard */ = {
			isa = PBXVariantGroup;
			children = (
				7148E2B82A52CBCC00C18AD4 /* Base */,
			);
			name = LaunchScreen.storyboard;
			sourceTree = "<group>";
		};
/* End PBXVariantGroup section */

/* Begin XCBuildConfiguration section */
		7148E2BB2A52CBCC00C18AD4 /* Debug */ = {
			isa = XCBuildConfiguration;
			buildSettings = {
				ALWAYS_SEARCH_USER_PATHS = NO;
				CLANG_ANALYZER_NONNULL = YES;
				CLANG_ANALYZER_NUMBER_OBJECT_CONVERSION = YES_AGGRESSIVE;
				CLANG_CXX_LANGUAGE_STANDARD = "gnu++20";
				CLANG_ENABLE_MODULES = YES;
				CLANG_ENABLE_OBJC_ARC = YES;
				CLANG_ENABLE_OBJC_WEAK = YES;
				CLANG_WARN_BLOCK_CAPTURE_AUTORELEASING = YES;
				CLANG_WARN_BOOL_CONVERSION = YES;
				CLANG_WARN_COMMA = YES;
				CLANG_WARN_CONSTANT_CONVERSION = YES;
				CLANG_WARN_DEPRECATED_OBJC_IMPLEMENTATIONS = YES;
				CLANG_WARN_DIRECT_OBJC_ISA_USAGE = YES_ERROR;
				CLANG_WARN_DOCUMENTATION_COMMENTS = YES;
				CLANG_WARN_EMPTY_BODY = YES;
				CLANG_WARN_ENUM_CONVERSION = YES;
				CLANG_WARN_INFINITE_RECURSION = YES;
				CLANG_WARN_INT_CONVERSION = YES;
				CLANG_WARN_NON_LITERAL_NULL_CONVERSION = YES;
				CLANG_WARN_OBJC_IMPLICIT_RETAIN_SELF = YES;
				CLANG_WARN_OBJC_LITERAL_CONVERSION = YES;
				CLANG_WARN_OBJC_ROOT_CLASS = YES_ERROR;
				CLANG_WARN_QUOTED_INCLUDE_IN_FRAMEWORK_HEADER = YES;
				CLANG_WARN_RANGE_LOOP_ANALYSIS = YES;
				CLANG_WARN_STRICT_PROTOTYPES = YES;
				CLANG_WARN_SUSPICIOUS_MOVE = YES;
				CLANG_WARN_UNGUARDED_AVAILABILITY = YES_AGGRESSIVE;
				CLANG_WARN_UNREACHABLE_CODE = YES;
				CLANG_WARN__DUPLICATE_METHOD_MATCH = YES;
				COPY_PHASE_STRIP = NO;
				DEBUG_INFORMATION_FORMAT = dwarf;
				ENABLE_STRICT_OBJC_MSGSEND = YES;
				ENABLE_TESTABILITY = YES;
				GCC_C_LANGUAGE_STANDARD = gnu11;
				GCC_DYNAMIC_NO_PIC = NO;
				GCC_NO_COMMON_BLOCKS = YES;
				GCC_OPTIMIZATION_LEVEL = 0;
				GCC_PREPROCESSOR_DEFINITIONS = (
					"DEBUG=1",
					"$(inherited)",
				);
				GCC_WARN_64_TO_32_BIT_CONVERSION = YES;
				GCC_WARN_ABOUT_RETURN_TYPE = YES_ERROR;
				GCC_WARN_UNDECLARED_SELECTOR = YES;
				GCC_WARN_UNINITIALIZED_AUTOS = YES_AGGRESSIVE;
				GCC_WARN_UNUSED_FUNCTION = YES;
				GCC_WARN_UNUSED_VARIABLE = YES;
				IPHONEOS_DEPLOYMENT_TARGET = 16.4;
				MTL_ENABLE_DEBUG_INFO = INCLUDE_SOURCE;
				MTL_FAST_MATH = YES;
				ONLY_ACTIVE_ARCH = YES;
				SDKROOT = iphoneos;
				SWIFT_ACTIVE_COMPILATION_CONDITIONS = DEBUG;
				SWIFT_OPTIMIZATION_LEVEL = "-Onone";
			};
			name = Debug;
		};
		7148E2BC2A52CBCC00C18AD4 /* Release */ = {
			isa = XCBuildConfiguration;
			buildSettings = {
				ALWAYS_SEARCH_USER_PATHS = NO;
				CLANG_ANALYZER_NONNULL = YES;
				CLANG_ANALYZER_NUMBER_OBJECT_CONVERSION = YES_AGGRESSIVE;
				CLANG_CXX_LANGUAGE_STANDARD = "gnu++20";
				CLANG_ENABLE_MODULES = YES;
				CLANG_ENABLE_OBJC_ARC = YES;
				CLANG_ENABLE_OBJC_WEAK = YES;
				CLANG_WARN_BLOCK_CAPTURE_AUTORELEASING = YES;
				CLANG_WARN_BOOL_CONVERSION = YES;
				CLANG_WARN_COMMA = YES;
				CLANG_WARN_CONSTANT_CONVERSION = YES;
				CLANG_WARN_DEPRECATED_OBJC_IMPLEMENTATIONS = YES;
				CLANG_WARN_DIRECT_OBJC_ISA_USAGE = YES_ERROR;
				CLANG_WARN_DOCUMENTATION_COMMENTS = YES;
				CLANG_WARN_EMPTY_BODY = YES;
				CLANG_WARN_ENUM_CONVERSION = YES;
				CLANG_WARN_INFINITE_RECURSION = YES;
				CLANG_WARN_INT_CONVERSION = YES;
				CLANG_WARN_NON_LITERAL_NULL_CONVERSION = YES;
				CLANG_WARN_OBJC_IMPLICIT_RETAIN_SELF = YES;
				CLANG_WARN_OBJC_LITERAL_CONVERSION = YES;
				CLANG_WARN_OBJC_ROOT_CLASS = YES_ERROR;
				CLANG_WARN_QUOTED_INCLUDE_IN_FRAMEWORK_HEADER = YES;
				CLANG_WARN_RANGE_LOOP_ANALYSIS = YES;
				CLANG_WARN_STRICT_PROTOTYPES = YES;
				CLANG_WARN_SUSPICIOUS_MOVE = YES;
				CLANG_WARN_UNGUARDED_AVAILABILITY = YES_AGGRESSIVE;
				CLANG_WARN_UNREACHABLE_CODE = YES;
				CLANG_WARN__DUPLICATE_METHOD_MATCH = YES;
				COPY_PHASE_STRIP = NO;
				DEBUG_INFORMATION_FORMAT = "dwarf-with-dsym";
				ENABLE_NS_ASSERTIONS = NO;
				ENABLE_STRICT_OBJC_MSGSEND = YES;
				GCC_C_LANGUAGE_STANDARD = gnu11;
				GCC_NO_COMMON_BLOCKS = YES;
				GCC_WARN_64_TO_32_BIT_CONVERSION = YES;
				GCC_WARN_ABOUT_RETURN_TYPE = YES_ERROR;
				GCC_WARN_UNDECLARED_SELECTOR = YES;
				GCC_WARN_UNINITIALIZED_AUTOS = YES_AGGRESSIVE;
				GCC_WARN_UNUSED_FUNCTION = YES;
				GCC_WARN_UNUSED_VARIABLE = YES;
				IPHONEOS_DEPLOYMENT_TARGET = 16.4;
				MTL_ENABLE_DEBUG_INFO = NO;
				MTL_FAST_MATH = YES;
				SDKROOT = iphoneos;
				SWIFT_COMPILATION_MODE = wholemodule;
				SWIFT_OPTIMIZATION_LEVEL = "-O";
				VALIDATE_PRODUCT = YES;
			};
			name = Release;
		};
		7148E2BE2A52CBCC00C18AD4 /* Debug */ = {
			isa = XCBuildConfiguration;
			buildSettings = {
				ASSETCATALOG_COMPILER_APPICON_NAME = AppIcon;
				ASSETCATALOG_COMPILER_GLOBAL_ACCENT_COLOR_NAME = AccentColor;
				CODE_SIGN_STYLE = Automatic;
				CURRENT_PROJECT_VERSION = 1;
				DEVELOPMENT_TEAM = 7V58U7PTNS;
				GENERATE_INFOPLIST_FILE = YES;
				INFOPLIST_FILE = EventRecorder/Info.plist;
				INFOPLIST_KEY_UIApplicationSupportsIndirectInputEvents = YES;
				INFOPLIST_KEY_UILaunchStoryboardName = LaunchScreen;
				INFOPLIST_KEY_UIMainStoryboardFile = Main;
				INFOPLIST_KEY_UISupportedInterfaceOrientations_iPad = "UIInterfaceOrientationPortrait UIInterfaceOrientationPortraitUpsideDown UIInterfaceOrientationLandscapeLeft UIInterfaceOrientationLandscapeRight";
				INFOPLIST_KEY_UISupportedInterfaceOrientations_iPhone = "UIInterfaceOrientationPortrait UIInterfaceOrientationLandscapeLeft UIInterfaceOrientationLandscapeRight";
				LD_RUNPATH_SEARCH_PATHS = (
					"$(inherited)",
					"@executable_path/Frameworks",
				);
				MARKETING_VERSION = 1.0;
				PRODUCT_BUNDLE_IDENTIFIER = com.lambert.EventRecorder;
				PRODUCT_NAME = "$(TARGET_NAME)";
				SWIFT_EMIT_LOC_STRINGS = YES;
				SWIFT_VERSION = 5.0;
				TARGETED_DEVICE_FAMILY = "1,2";
			};
			name = Debug;
		};
		7148E2BF2A52CBCC00C18AD4 /* Release */ = {
			isa = XCBuildConfiguration;
			buildSettings = {
				ASSETCATALOG_COMPILER_APPICON_NAME = AppIcon;
				ASSETCATALOG_COMPILER_GLOBAL_ACCENT_COLOR_NAME = AccentColor;
				CODE_SIGN_STYLE = Automatic;
				CURRENT_PROJECT_VERSION = 1;
				DEVELOPMENT_TEAM = 7V58U7PTNS;
				GENERATE_INFOPLIST_FILE = YES;
				INFOPLIST_FILE = EventRecorder/Info.plist;
				INFOPLIST_KEY_UIApplicationSupportsIndirectInputEvents = YES;
				INFOPLIST_KEY_UILaunchStoryboardName = LaunchScreen;
				INFOPLIST_KEY_UIMainStoryboardFile = Main;
				INFOPLIST_KEY_UISupportedInterfaceOrientations_iPad = "UIInterfaceOrientationPortrait UIInterfaceOrientationPortraitUpsideDown UIInterfaceOrientationLandscapeLeft UIInterfaceOrientationLandscapeRight";
				INFOPLIST_KEY_UISupportedInterfaceOrientations_iPhone = "UIInterfaceOrientationPortrait UIInterfaceOrientationLandscapeLeft UIInterfaceOrientationLandscapeRight";
				LD_RUNPATH_SEARCH_PATHS = (
					"$(inherited)",
					"@executable_path/Frameworks",
				);
				MARKETING_VERSION = 1.0;
				PRODUCT_BUNDLE_IDENTIFIER = com.lambert.EventRecorder;
				PRODUCT_NAME = "$(TARGET_NAME)";
				SWIFT_EMIT_LOC_STRINGS = YES;
				SWIFT_VERSION = 5.0;
				TARGETED_DEVICE_FAMILY = "1,2";
			};
			name = Release;
		};
/* End XCBuildConfiguration section */

/* Begin XCConfigurationList section */
		7148E2A42A52CBCB00C18AD4 /* Build configuration list for PBXProject "EventRecorder" */ = {
			isa = XCConfigurationList;
			buildConfigurations = (
				7148E2BB2A52CBCC00C18AD4 /* Debug */,
				7148E2BC2A52CBCC00C18AD4 /* Release */,
			);
			defaultConfigurationIsVisible = 0;
			defaultConfigurationName = Release;
		};
		7148E2BD2A52CBCC00C18AD4 /* Build configuration list for PBXNativeTarget "EventRecorder" */ = {
			isa = XCConfigurationList;
			buildConfigurations = (
				7148E2BE2A52CBCC00C18AD4 /* Debug */,
				7148E2BF2A52CBCC00C18AD4 /* Release */,
			);
			defaultConfigurationIsVisible = 0;
			defaultConfigurationName = Release;
		};
/* End XCConfigurationList section */

/* Begin XCRemoteSwiftPackageReference section */
		7148E2C62A52DEBF00C18AD4 /* XCRemoteSwiftPackageReference "SQLite.swift" */ = {
			isa = XCRemoteSwiftPackageReference;
			repositoryURL = "https://github.com/stephencelis/SQLite.swift.git";
			requirement = {
				kind = upToNextMajorVersion;
				minimumVersion = 0.14.1;
			};
		};
/* End XCRemoteSwiftPackageReference section */

/* Begin XCSwiftPackageProductDependency section */
		7148E2C72A52DEBF00C18AD4 /* SQLite */ = {
			isa = XCSwiftPackageProductDependency;
			package = 7148E2C62A52DEBF00C18AD4 /* XCRemoteSwiftPackageReference "SQLite.swift" */;
			productName = SQLite;
		};
/* End XCSwiftPackageProductDependency section */
	};
	rootObject = 7148E2A12A52CBCB00C18AD4 /* Project object */;
}
